
Microsoft Visual Studio Solution File, Format Version 12.00
# Visual Studio Version 17
VisualStudioVersion = 17.5.002.0
MinimumVisualStudioVersion = 10.0.40219.1
Project("{2150E333-8FDC-42A3-9474-1A3956D46DE8}") = "src", "src", "{C2FF6F5E-CA53-426D-B064-0BB35632874E}"
EndProject
Project("{9A19103F-16F7-4668-BE54-9A1E7A4F7556}") = "Library", "src\Library\Library.csproj", "{8D1DFA8A-DF41-4B65-8982-7336A30AE7E7}"
EndProject
Project("{9A19103F-16F7-4668-BE54-9A1E7A4F7556}") = "Program", "src\Program\Program.csproj", "{BC40D78B-285F-4A90-A469-61410B87415D}"
EndProject
Global
	GlobalSection(SolutionConfigurationPlatforms) = preSolution
		Debug|Any CPU = Debug|Any CPU
		Release|Any CPU = Release|Any CPU
	EndGlobalSection
	GlobalSection(ProjectConfigurationPlatforms) = postSolution
		{8D1DFA8A-DF41-4B65-8982-7336A30AE7E7}.Debug|Any CPU.ActiveCfg = Debug|Any CPU
		{8D1DFA8A-DF41-4B65-8982-7336A30AE7E7}.Debug|Any CPU.Build.0 = Debug|Any CPU
		{8D1DFA8A-DF41-4B65-8982-7336A30AE7E7}.Release|Any CPU.ActiveCfg = Release|Any CPU
		{8D1DFA8A-DF41-4B65-8982-7336A30AE7E7}.Release|Any CPU.Build.0 = Release|Any CPU
		{BC40D78B-285F-4A90-A469-61410B87415D}.Debug|Any CPU.ActiveCfg = Debug|Any CPU
		{BC40D78B-285F-4A90-A469-61410B87415D}.Debug|Any CPU.Build.0 = Debug|Any CPU
		{BC40D78B-285F-4A90-A469-61410B87415D}.Release|Any CPU.ActiveCfg = Release|Any CPU
		{BC40D78B-285F-4A90-A469-61410B87415D}.Release|Any CPU.Build.0 = Release|Any CPU
	EndGlobalSection
	GlobalSection(SolutionProperties) = preSolution
		HideSolutionNode = FALSE
	EndGlobalSection
	GlobalSection(NestedProjects) = preSolution
		{8D1DFA8A-DF41-4B65-8982-7336A30AE7E7} = {C2FF6F5E-CA53-426D-B064-0BB35632874E}
		{BC40D78B-285F-4A90-A469-61410B87415D} = {C2FF6F5E-CA53-426D-B064-0BB35632874E}
	EndGlobalSection
	GlobalSection(ExtensibilityGlobals) = postSolution
		SolutionGuid = {07F9D2DF-5F3D-4976-9CCB-2D547141FF16}
	EndGlobalSection
EndGlobal
