
Microsoft Visual Studio Solution File, Format Version 12.00
# Visual Studio Version 17
VisualStudioVersion = 17.5.002.0
MinimumVisualStudioVersion = 10.0.40219.1
Project("{2150E333-8FDC-42A3-9474-1A3956D46DE8}") = "src", "src", "{1A451D14-47B4-4EB4-9A78-EE3827FA52D0}"
EndProject
Project("{9A19103F-16F7-4668-BE54-9A1E7A4F7556}") = "Library", "src\Library\Library.csproj", "{F28FABCD-515D-4CFF-A795-D925992F8DDE}"
EndProject
Project("{9A19103F-16F7-4668-BE54-9A1E7A4F7556}") = "Program", "src\Program\Program.csproj", "{C4EA2D41-9A80-4FCF-A58C-D8B40BA57FC1}"
EndProject
Global
	GlobalSection(SolutionConfigurationPlatforms) = preSolution
		Debug|Any CPU = Debug|Any CPU
		Release|Any CPU = Release|Any CPU
	EndGlobalSection
	GlobalSection(ProjectConfigurationPlatforms) = postSolution
		{F28FABCD-515D-4CFF-A795-D925992F8DDE}.Debug|Any CPU.ActiveCfg = Debug|Any CPU
		{F28FABCD-515D-4CFF-A795-D925992F8DDE}.Debug|Any CPU.Build.0 = Debug|Any CPU
		{F28FABCD-515D-4CFF-A795-D925992F8DDE}.Release|Any CPU.ActiveCfg = Release|Any CPU
		{F28FABCD-515D-4CFF-A795-D925992F8DDE}.Release|Any CPU.Build.0 = Release|Any CPU
		{C4EA2D41-9A80-4FCF-A58C-D8B40BA57FC1}.Debug|Any CPU.ActiveCfg = Debug|Any CPU
		{C4EA2D41-9A80-4FCF-A58C-D8B40BA57FC1}.Debug|Any CPU.Build.0 = Debug|Any CPU
		{C4EA2D41-9A80-4FCF-A58C-D8B40BA57FC1}.Release|Any CPU.ActiveCfg = Release|Any CPU
		{C4EA2D41-9A80-4FCF-A58C-D8B40BA57FC1}.Release|Any CPU.Build.0 = Release|Any CPU
	EndGlobalSection
	GlobalSection(SolutionProperties) = preSolution
		HideSolutionNode = FALSE
	EndGlobalSection
	GlobalSection(NestedProjects) = preSolution
		{F28FABCD-515D-4CFF-A795-D925992F8DDE} = {1A451D14-47B4-4EB4-9A78-EE3827FA52D0}
		{C4EA2D41-9A80-4FCF-A58C-D8B40BA57FC1} = {1A451D14-47B4-4EB4-9A78-EE3827FA52D0}
	EndGlobalSection
	GlobalSection(ExtensibilityGlobals) = postSolution
		SolutionGuid = {B818BB78-873F-4920-AE18-A80C2A0E9FB4}
	EndGlobalSection
EndGlobal
